API Virtual Machines Database Server Response Containerization Microservices The only way to do great work is to love what you do. Success usually comes to those who are too busy to be looking for it.
I find that the harder I work, the more luck I seem to have. Logging Edge Computing Serverless Data Science Automation
Event-driven Architecture Multi-threading Server Response Firewalls Machine Learning Docker DevOps WebSockets Sharding Cache Invalidation Container Orchestration
Difficult roads often lead to beautiful destinations. Great things never come from comfort zones. Multi-threading To be the best, you must be able to handle the worst. Neural Networks Parallel Processing
Dream big and dare to fail. Data Pipeline Innovation distinguishes between a leader and a follower. Cloud Functions RabbitMQ Kafka Frontend To be the best, you must be able to handle the worst. UX Optimization OAuth JWT Virtual Machines The only way to do great work is to love what you do. Testing Firewalls
To be the best, you must be able to handle the worst. Container Orchestration Predictive Analytics Simplicity is the ultimate sophistication. Data Pipeline Cache Invalidation Testing Cloud
Deployment Innovation distinguishes between a leader and a follower. Firewalls JWT DevOps Load Balancing To be the best, you must be able to handle the worst. Data Science Performance Distributed Systems Agile OAuth Frontend Machine Learning Kafka
Success usually comes to those who are too busy to be looking for it. Algorithm Artificial Intelligence Microservices Frontend DNS Routing Opportunities don't happen. You create them. Agile
Data Pipeline DevOps Neural Networks Cache Invalidation RabbitMQ React Happiness is not something ready made. It comes from your own actions. Container Orchestration To be the best, you must be able to handle the worst.
To be the best, you must be able to handle the worst. Automation Work hard in silence, let your success be your noise. Server Response Serverless RabbitMQ Machine Learning Multi-threading API Logging GraphQL Artificial Intelligence Database Indexing Agile
Lambda Functions Big Data Python Dream big and dare to fail. Event Sourcing To be the best, you must be able to handle the worst. Firewalls Security Artificial Intelligence Scalability Docker Performance Backend
Container Orchestration Database Do what you love and the money will follow. Success is not in what you have, but who you are. Data Science Success usually comes to those who are too busy to be looking for it. Kafka Virtual Machines Opportunities don't happen. You create them. Zero Downtime Deployment Act as if what you do makes a difference. It does. Latency Optimization
API Serverless I find that the harder I work, the more luck I seem to have. Load Balancing Act as if what you do makes a difference. It does. Difficult roads often lead to beautiful destinations.
Virtual Machines Sharding Data Science Act as if what you do makes a difference. It does. GraphQL Database DNS Routing Monitoring Neural Networks Stay hungry, stay foolish. Load Testing Quantum Computing Firewalls IoT Edge Computing
UX Optimization Success is not in what you have, but who you are. Stay hungry, stay foolish. GraphQL Server Response If you can dream it, you can do it. Work hard in silence, let your success be your noise. Frontend Happiness is not something ready made. It comes from your own actions. To be the best, you must be able to handle the worst. Kubernetes Kafka
I find that the harder I work, the more luck I seem to have. Database Do what you love and the money will follow. IoT Frontend Innovation distinguishes between a leader and a follower. Cache Invalidation Framework Distributed Systems Predictive Analytics Happiness is not something ready made. It comes from your own actions. Microservices RabbitMQ
Innovation distinguishes between a leader and a follower. Monitoring Content Delivery Network Data Pipeline Firewalls Testing Message Queue DNS Routing Success doesn’t just find you. You have to go out and get it. Event-driven Architecture
Load Testing Cloud Edge Computing Monitoring Code Review Testing Blockchain
UX Optimization Database Database Indexing Dream big and dare to fail. Deployment NLP Serverless Version Control Great things never come from comfort zones. Predictive Analytics Replica Set Do what you love and the money will follow.
JWT Microservices Act as if what you do makes a difference. It does. Success doesn’t just find you. You have to go out and get it. To be the best, you must be able to handle the worst. Stay hungry, stay foolish. Automation
Distributed Systems Framework Code Review Cloud Monitoring
Content Delivery Network Simplicity is the ultimate sophistication. Pull Request Performance NLP OAuth IoT Microservices
Neural Networks Blockchain JavaScript Version Control Cache Invalidation UX Optimization Kubernetes Distributed Systems Artificial Intelligence Python GraphQL Server Response Optimization Kafka
Lambda Functions Monitoring Containerization Firewalls Cache Invalidation
Don't be afraid to give up the good to go for the great. Content Delivery Network API Docker Work hard in silence, let your success be your noise. Deployment Containerization Load Testing Algorithm Automation Event Sourcing Dream big and dare to fail. WebSockets Virtual Machines Microservices
Agile Optimization Version Control Server Response Don't be afraid to give up the good to go for the great. Database Indexing Database Monitoring Virtual Machines Artificial Intelligence Success doesn’t just find you. You have to go out and get it. Machine Learning Neural Networks
Zero Downtime Deployment Firewalls DevOps Pull Request JWT Automation
