API Virtual Machines Database Server Response Containerization Microservices The only way to do great work is to love what you do. Success usually comes to those who are too busy to be looking for it.
I find that the harder I work, the more luck I seem to have. Logging Edge Computing Serverless Data Science Automation
Event-driven Architecture Multi-threading Server Response Firewalls Machine Learning Docker DevOps WebSockets Sharding Cache Invalidation Container Orchestration
Difficult roads often lead to beautiful destinations. Great things never come from comfort zones. Multi-threading To be the best, you must be able to handle the worst. Neural Networks Parallel Processing
Dream big and dare to fail. Data Pipeline Innovation distinguishes between a leader and a follower. Cloud Functions RabbitMQ Kafka Frontend To be the best, you must be able to handle the worst. UX Optimization OAuth JWT Virtual Machines The only way to do great work is to love what you do. Testing Firewalls
To be the best, you must be able to handle the worst. Container Orchestration Predictive Analytics Simplicity is the ultimate sophistication. Data Pipeline Cache Invalidation Testing Cloud
Deployment Innovation distinguishes between a leader and a follower. Firewalls JWT DevOps Load Balancing To be the best, you must be able to handle the worst. Data Science Performance Distributed Systems Agile OAuth Frontend Machine Learning Kafka
